// !$*UTF8*$!
{
	archiveVersion = 1;
	classes = {
	};
	objectVersion = 46;
	objects = {

/* Begin PBXBuildFile section */
		1B4E02BC1DB97484006357AC /* AppDelegate.swift in Sources */ = {isa = PBXBuildFile; fileRef = 1B4E02BB1DB97484006357AC /* AppDelegate.swift */; };
		1B4E02C11DB97484006357AC /* Main.storyboard in Resources */ = {isa = PBXBuildFile; fileRef = 1B4E02BF1DB97484006357AC /* Main.storyboard */; };
		1B4E02C41DB97484006357AC /* NASAAPI.xcdatamodeld in Sources */ = {isa = PBXBuildFile; fileRef = 1B4E02C21DB97484006357AC /* NASAAPI.xcdatamodeld */; };
		1B4E02C61DB97484006357AC /* Assets.xcassets in Resources */ = {isa = PBXBuildFile; fileRef = 1B4E02C51DB97484006357AC /* Assets.xcassets */; };
		1B4E02C91DB97484006357AC /* LaunchScreen.storyboard in Resources */ = {isa = PBXBuildFile; fileRef = 1B4E02C71DB97484006357AC /* LaunchScreen.storyboard */; };
		1B4E02D41DB97484006357AC /* NASAAPITests.swift in Sources */ = {isa = PBXBuildFile; fileRef = 1B4E02D31DB97484006357AC /* NASAAPITests.swift */; };
		1B4E02DF1DB97484006357AC /* NASAAPIUITests.swift in Sources */ = {isa = PBXBuildFile; fileRef = 1B4E02DE1DB97484006357AC /* NASAAPIUITests.swift */; };
		1B4E02ED1DB97721006357AC /* Secrets.swift in Sources */ = {isa = PBXBuildFile; fileRef = 1B4E02EC1DB97721006357AC /* Secrets.swift */; };
		1B4E02EF1DB97765006357AC /* NASAAPIClient.swift in Sources */ = {isa = PBXBuildFile; fileRef = 1B4E02EE1DB97765006357AC /* NASAAPIClient.swift */; };
		1B4E02F11DB97A50006357AC /* NASADataStore.swift in Sources */ = {isa = PBXBuildFile; fileRef = 1B4E02F01DB97A50006357AC /* NASADataStore.swift */; };
		1B4E02F31DB97B33006357AC /* Asteriod.swift in Sources */ = {isa = PBXBuildFile; fileRef = 1B4E02F21DB97B33006357AC /* Asteriod.swift */; };
		1B4E02F51DB982FD006357AC /* AsteriodTableViewController.swift in Sources */ = {isa = PBXBuildFile; fileRef = 1B4E02F41DB982FD006357AC /* AsteriodTableViewController.swift */; };
/* End PBXBuildFile section */

/* Begin PBXContainerItemProxy section */
		1B4E02D01DB97484006357AC /* PBXContainerItemProxy */ = {
			isa = PBXContainerItemProxy;
			containerPortal = 1B4E02B01DB97484006357AC /* Project object */;
			proxyType = 1;
			remoteGlobalIDString = 1B4E02B71DB97484006357AC;
			remoteInfo = NASAAPI;
		};
		1B4E02DB1DB97484006357AC /* PBXContainerItemProxy */ = {
			isa = PBXContainerItemProxy;
			containerPortal = 1B4E02B01DB97484006357AC /* Project object */;
			proxyType = 1;
			remoteGlobalIDString = 1B4E02B71DB97484006357AC;
			remoteInfo = NASAAPI;
		};
/* End PBXContainerItemProxy section */

/* Begin PBXFileReference section */
		1B4E02B81DB97484006357AC /* NASAAPI.app */ = {isa = PBXFileReference; explicitFileType = wrapper.application; includeInIndex = 0; path = NASAAPI.app; sourceTree = BUILT_PRODUCTS_DIR; };
		1B4E02BB1DB97484006357AC /* AppDelegate.swift */ = {isa = PBXFileReference; lastKnownFileType = sourcecode.swift; path = AppDelegate.swift; sourceTree = "<group>"; };
		1B4E02C01DB97484006357AC /* Base */ = {isa = PBXFileReference; lastKnownFileType = file.storyboard; name = Base; path = Base.lproj/Main.storyboard; sourceTree = "<group>"; };
		1B4E02C31DB97484006357AC /* NASAAPI.xcdatamodel */ = {isa = PBXFileReference; lastKnownFileType = wrapper.xcdatamodel; path = NASAAPI.xcdatamodel; sourceTree = "<group>"; };
		1B4E02C51DB97484006357AC /* Assets.xcassets */ = {isa = PBXFileReference; lastKnownFileType = folder.assetcatalog; path = Assets.xcassets; sourceTree = "<group>"; };
		1B4E02C81DB97484006357AC /* Base */ = {isa = PBXFileReference; lastKnownFileType = file.storyboard; name = Base; path = Base.lproj/LaunchScreen.storyboard; sourceTree = "<group>"; };
		1B4E02CA1DB97484006357AC /* Info.plist */ = {isa = PBXFileReference; lastKnownFileType = text.plist.xml; path = Info.plist; sourceTree = "<group>"; };
		1B4E02CF1DB97484006357AC /* NASAAPITests.xctest */ = {isa = PBXFileReference; explicitFileType = wrapper.cfbundle; includeInIndex = 0; path = NASAAPITests.xctest; sourceTree = BUILT_PRODUCTS_DIR; };
		1B4E02D31DB97484006357AC /* NASAAPITests.swift */ = {isa = PBXFileReference; lastKnownFileType = sourcecode.swift; path = NASAAPITests.swift; sourceTree = "<group>"; };
		1B4E02D51DB97484006357AC /* Info.plist */ = {isa = PBXFileReference; lastKnownFileType = text.plist.xml; path = Info.plist; sourceTree = "<group>"; };
		1B4E02DA1DB97484006357AC /* NASAAPIUITests.xctest */ = {isa = PBXFileReference; explicitFileType = wrapper.cfbundle; includeInIndex = 0; path = NASAAPIUITests.xctest; sourceTree = BUILT_PRODUCTS_DIR; };
		1B4E02DE1DB97484006357AC /* NASAAPIUITests.swift */ = {isa = PBXFileReference; lastKnownFileType = sourcecode.swift; path = NASAAPIUITests.swift; sourceTree = "<group>"; };
		1B4E02E01DB97484006357AC /* Info.plist */ = {isa = PBXFileReference; lastKnownFileType = text.plist.xml; path = Info.plist; sourceTree = "<group>"; };
		1B4E02EC1DB97721006357AC /* Secrets.swift */ = {isa = PBXFileReference; fileEncoding = 4; lastKnownFileType = sourcecode.swift; path = Secrets.swift; sourceTree = "<group>"; };
		1B4E02EE1DB97765006357AC /* NASAAPIClient.swift */ = {isa = PBXFileReference; fileEncoding = 4; lastKnownFileType = sourcecode.swift; path = NASAAPIClient.swift; sourceTree = "<group>"; };
		1B4E02F01DB97A50006357AC /* NASADataStore.swift */ = {isa = PBXFileReference; fileEncoding = 4; lastKnownFileType = sourcecode.swift; path = NASADataStore.swift; sourceTree = "<group>"; };
		1B4E02F21DB97B33006357AC /* Asteriod.swift */ = {isa = PBXFileReference; fileEncoding = 4; lastKnownFileType = sourcecode.swift; path = Asteriod.swift; sourceTree = "<group>"; };
		1B4E02F41DB982FD006357AC /* AsteriodTableViewController.swift */ = {isa = PBXFileReference; fileEncoding = 4; lastKnownFileType = sourcecode.swift; path = AsteriodTableViewController.swift; sourceTree = "<group>"; };
/* End PBXFileReference section */

/* Begin PBXFrameworksBuildPhase section */
		1B4E02B51DB97484006357AC /* Frameworks */ = {
			isa = PBXFrameworksBuildPhase;
			buildActionMask = 2147483647;
			files = (
			);
			runOnlyForDeploymentPostprocessing = 0;
		};
		1B4E02CC1DB97484006357AC /* Frameworks */ = {
			isa = PBXFrameworksBuildPhase;
			buildActionMask = 2147483647;
			files = (
			);
			runOnlyForDeploymentPostprocessing = 0;
		};
		1B4E02D71DB97484006357AC /* Frameworks */ = {
			isa = PBXFrameworksBuildPhase;
			buildActionMask = 2147483647;
			files = (
			);
			runOnlyForDeploymentPostprocessing = 0;
		};
/* End PBXFrameworksBuildPhase section */

/* Begin PBXGroup section */
		1B4E02AF1DB97484006357AC = {
			isa = PBXGroup;
			children = (
				1B4E02BA1DB97484006357AC /* NASAAPI */,
				1B4E02D21DB97484006357AC /* NASAAPITests */,
				1B4E02DD1DB97484006357AC /* NASAAPIUITests */,
				1B4E02B91DB97484006357AC /* Products */,
			);
			sourceTree = "<group>";
		};
		1B4E02B91DB97484006357AC /* Products */ = {
			isa = PBXGroup;
			children = (
				1B4E02B81DB97484006357AC /* NASAAPI.app */,
				1B4E02CF1DB97484006357AC /* NASAAPITests.xctest */,
				1B4E02DA1DB97484006357AC /* NASAAPIUITests.xctest */,
			);
			name = Products;
			sourceTree = "<group>";
		};
		1B4E02BA1DB97484006357AC /* NASAAPI */ = {
			isa = PBXGroup;
			children = (
				1B4E02BB1DB97484006357AC /* AppDelegate.swift */,
				1B4E02EC1DB97721006357AC /* Secrets.swift */,
				1B4E02EE1DB97765006357AC /* NASAAPIClient.swift */,
				1B4E02F21DB97B33006357AC /* Asteriod.swift */,
				1B4E02F01DB97A50006357AC /* NASADataStore.swift */,
				1B4E02BF1DB97484006357AC /* Main.storyboard */,
				1B4E02F41DB982FD006357AC /* AsteriodTableViewController.swift */,
				1B4E02C51DB97484006357AC /* Assets.xcassets */,
				1B4E02C71DB97484006357AC /* LaunchScreen.storyboard */,
				1B4E02CA1DB97484006357AC /* Info.plist */,
				1B4E02C21DB97484006357AC /* NASAAPI.xcdatamodeld */,
			);
			path = NASAAPI;
			sourceTree = "<group>";
		};
		1B4E02D21DB97484006357AC /* NASAAPITests */ = {
			isa = PBXGroup;
			children = (
				1B4E02D31DB97484006357AC /* NASAAPITests.swift */,
				1B4E02D51DB97484006357AC /* Info.plist */,
			);
			path = NASAAPITests;
			sourceTree = "<group>";
		};
		1B4E02DD1DB97484006357AC /* NASAAPIUITests */ = {
			isa = PBXGroup;
			children = (
				1B4E02DE1DB97484006357AC /* NASAAPIUITests.swift */,
				1B4E02E01DB97484006357AC /* Info.plist */,
			);
			path = NASAAPIUITests;
			sourceTree = "<group>";
		};
/* End PBXGroup section */

/* Begin PBXNativeTarget section */
		1B4E02B71DB97484006357AC /* NASAAPI */ = {
			isa = PBXNativeTarget;
			buildConfigurationList = 1B4E02E31DB97484006357AC /* Build configuration list for PBXNativeTarget "NASAAPI" */;
			buildPhases = (
				1B4E02B41DB97484006357AC /* Sources */,
				1B4E02B51DB97484006357AC /* Frameworks */,
				1B4E02B61DB97484006357AC /* Resources */,
			);
			buildRules = (
			);
			dependencies = (
			);
			name = NASAAPI;
			productName = NASAAPI;
			productReference = 1B4E02B81DB97484006357AC /* NASAAPI.app */;
			productType = "com.apple.product-type.application";
		};
		1B4E02CE1DB97484006357AC /* NASAAPITests */ = {
			isa = PBXNativeTarget;
			buildConfigurationList = 1B4E02E61DB97484006357AC /* Build configuration list for PBXNativeTarget "NASAAPITests" */;
			buildPhases = (
				1B4E02CB1DB97484006357AC /* Sources */,
				1B4E02CC1DB97484006357AC /* Frameworks */,
				1B4E02CD1DB97484006357AC /* Resources */,
			);
			buildRules = (
			);
			dependencies = (
				1B4E02D11DB97484006357AC /* PBXTargetDependency */,
			);
			name = NASAAPITests;
			productName = NASAAPITests;
			productReference = 1B4E02CF1DB97484006357AC /* NASAAPITests.xctest */;
			productType = "com.apple.product-type.bundle.unit-test";
		};
		1B4E02D91DB97484006357AC /* NASAAPIUITests */ = {
			isa = PBXNativeTarget;
			buildConfigurationList = 1B4E02E91DB97484006357AC /* Build configuration list for PBXNativeTarget "NASAAPIUITests" */;
			buildPhases = (
				1B4E02D61DB97484006357AC /* Sources */,
				1B4E02D71DB97484006357AC /* Frameworks */,
				1B4E02D81DB97484006357AC /* Resources */,
			);
			buildRules = (
			);
			dependencies = (
				1B4E02DC1DB97484006357AC /* PBXTargetDependency */,
			);
			name = NASAAPIUITests;
			productName = NASAAPIUITests;
			productReference = 1B4E02DA1DB97484006357AC /* NASAAPIUITests.xctest */;
			productType = "com.apple.product-type.bundle.ui-testing";
		};
/* End PBXNativeTarget section */

/* Begin PBXProject section */
		1B4E02B01DB97484006357AC /* Project object */ = {
			isa = PBXProject;
			attributes = {
				LastSwiftUpdateCheck = 0730;
				LastUpgradeCheck = 0730;
				ORGANIZATIONNAME = "Flatiron School";
				TargetAttributes = {
					1B4E02B71DB97484006357AC = {
						CreatedOnToolsVersion = 7.3.1;
					};
					1B4E02CE1DB97484006357AC = {
						CreatedOnToolsVersion = 7.3.1;
						TestTargetID = 1B4E02B71DB97484006357AC;
					};
					1B4E02D91DB97484006357AC = {
						CreatedOnToolsVersion = 7.3.1;
						TestTargetID = 1B4E02B71DB97484006357AC;
					};
				};
			};
			buildConfigurationList = 1B4E02B31DB97484006357AC /* Build configuration list for PBXProject "NASAAPI" */;
			compatibilityVersion = "Xcode 3.2";
			developmentRegion = English;
			hasScannedForEncodings = 0;
			knownRegions = (
				en,
				Base,
			);
			mainGroup = 1B4E02AF1DB97484006357AC;
			productRefGroup = 1B4E02B91DB97484006357AC /* Products */;
			projectDirPath = "";
			projectRoot = "";
			targets = (
				1B4E02B71DB97484006357AC /* NASAAPI */,
				1B4E02CE1DB97484006357AC /* NASAAPITests */,
				1B4E02D91DB97484006357AC /* NASAAPIUITests */,
			);
		};
/* End PBXProject section */

/* Begin PBXResourcesBuildPhase section */
		1B4E02B61DB97484006357AC /* Resources */ = {
			isa = PBXResourcesBuildPhase;
			buildActionMask = 2147483647;
			files = (
				1B4E02C91DB97484006357AC /* LaunchScreen.storyboard in Resources */,
				1B4E02C61DB97484006357AC /* Assets.xcassets in Resources */,
				1B4E02C11DB97484006357AC /* Main.storyboard in Resources */,
			);
			runOnlyForDeploymentPostprocessing = 0;
		};
		1B4E02CD1DB97484006357AC /* Resources */ = {
			isa = PBXResourcesBuildPhase;
			buildActionMask = 2147483647;
			files = (
			);
			runOnlyForDeploymentPostprocessing = 0;
		};
		1B4E02D81DB97484006357AC /* Resources */ = {
			isa = PBXResourcesBuildPhase;
			buildActionMask = 2147483647;
			files = (
			);
			runOnlyForDeploymentPostprocessing = 0;
		};
/* End PBXResourcesBuildPhase section */

/* Begin PBXSourcesBuildPhase section */
		1B4E02B41DB97484006357AC /* Sources */ = {
			isa = PBXSourcesBuildPhase;
			buildActionMask = 2147483647;
			files = (
				1B4E02ED1DB97721006357AC /* Secrets.swift in Sources */,
				1B4E02F51DB982FD006357AC /* AsteriodTableViewController.swift in Sources */,
				1B4E02F11DB97A50006357AC /* NASADataStore.swift in Sources */,
				1B4E02BC1DB97484006357AC /* AppDelegate.swift in Sources */,
				1B4E02EF1DB97765006357AC /* NASAAPIClient.swift in Sources */,
				1B4E02F31DB97B33006357AC /* Asteriod.swift in Sources */,
				1B4E02C41DB97484006357AC /* NASAAPI.xcdatamodeld in Sources */,
			);
			runOnlyForDeploymentPostprocessing = 0;
		};
		1B4E02CB1DB97484006357AC /* Sources */ = {
			isa = PBXSourcesBuildPhase;
			buildActionMask = 2147483647;
			files = (
				1B4E02D41DB97484006357AC /* NASAAPITests.swift in Sources */,
			);
			runOnlyForDeploymentPostprocessing = 0;
		};
		1B4E02D61DB97484006357AC /* Sources */ = {
			isa = PBXSourcesBuildPhase;
			buildActionMask = 2147483647;
			files = (
				1B4E02DF1DB97484006357AC /* NASAAPIUITests.swift in Sources */,
			);
			runOnlyForDeploymentPostprocessing = 0;
		};
/* End PBXSourcesBuildPhase section */

/* Begin PBXTargetDependency section */
		1B4E02D11DB97484006357AC /* PBXTargetDependency */ = {
			isa = PBXTargetDependency;
			target = 1B4E02B71DB97484006357AC /* NASAAPI */;
			targetProxy = 1B4E02D01DB97484006357AC /* PBXContainerItemProxy */;
		};
		1B4E02DC1DB97484006357AC /* PBXTargetDependency */ = {
			isa = PBXTargetDependency;
			target = 1B4E02B71DB97484006357AC /* NASAAPI */;
			targetProxy = 1B4E02DB1DB97484006357AC /* PBXContainerItemProxy */;
		};
/* End PBXTargetDependency section */

/* Begin PBXVariantGroup section */
		1B4E02BF1DB97484006357AC /* Main.storyboard */ = {
			isa = PBXVariantGroup;
			children = (
				1B4E02C01DB97484006357AC /* Base */,
			);
			name = Main.storyboard;
			sourceTree = "<group>";
		};
		1B4E02C71DB97484006357AC /* LaunchScreen.storyboard */ = {
			isa = PBXVariantGroup;
			children = (
				1B4E02C81DB97484006357AC /* Base */,
			);
			name = LaunchScreen.storyboard;
			sourceTree = "<group>";
		};
/* End PBXVariantGroup section */

/* Begin XCBuildConfiguration section */
		1B4E02E11DB97484006357AC /* Debug */ = {
			isa = XCBuildConfiguration;
			buildSettings = {
				ALWAYS_SEARCH_USER_PATHS = NO;
				CLANG_ANALYZER_NONNULL = YES;
				CLANG_CXX_LANGUAGE_STANDARD = "gnu++0x";
				CLANG_CXX_LIBRARY = "libc++";
				CLANG_ENABLE_MODULES = YES;
				CLANG_ENABLE_OBJC_ARC = YES;
				CLANG_WARN_BOOL_CONVERSION = YES;
				CLANG_WARN_CONSTANT_CONVERSION = YES;
				CLANG_WARN_DIRECT_OBJC_ISA_USAGE = YES_ERROR;
				CLANG_WARN_EMPTY_BODY = YES;
				CLANG_WARN_ENUM_CONVERSION = YES;
				CLANG_WARN_INT_CONVERSION = YES;
				CLANG_WARN_OBJC_ROOT_CLASS = YES_ERROR;
				CLANG_WARN_UNREACHABLE_CODE = YES;
				CLANG_WARN__DUPLICATE_METHOD_MATCH = YES;
				"CODE_SIGN_IDENTITY[sdk=iphoneos*]" = "iPhone Developer";
				COPY_PHASE_STRIP = NO;
				DEBUG_INFORMATION_FORMAT = dwarf;
				ENABLE_STRICT_OBJC_MSGSEND = YES;
				ENABLE_TESTABILITY = YES;
				GCC_C_LANGUAGE_STANDARD = gnu99;
				GCC_DYNAMIC_NO_PIC = NO;
				GCC_NO_COMMON_BLOCKS = YES;
				GCC_OPTIMIZATION_LEVEL = 0;
				GCC_PREPROCESSOR_DEFINITIONS = (
					"DEBUG=1",
					"$(inherited)",
				);
				GCC_WARN_64_TO_32_BIT_CONVERSION = YES;
				GCC_WARN_ABOUT_RETURN_TYPE = YES_ERROR;
				GCC_WARN_UNDECLARED_SELECTOR = YES;
				GCC_WARN_UNINITIALIZED_AUTOS = YES_AGGRESSIVE;
				GCC_WARN_UNUSED_FUNCTION = YES;
				GCC_WARN_UNUSED_VARIABLE = YES;
				IPHONEOS_DEPLOYMENT_TARGET = 9.3;
				MTL_ENABLE_DEBUG_INFO = YES;
				ONLY_ACTIVE_ARCH = YES;
				SDKROOT = iphoneos;
				SWIFT_OPTIMIZATION_LEVEL = "-Onone";
			};
			name = Debug;
		};
		1B4E02E21DB97484006357AC /* Release */ = {
			isa = XCBuildConfiguration;
			buildSettings = {
				ALWAYS_SEARCH_USER_PATHS = NO;
				CLANG_ANALYZER_NONNULL = YES;
				CLANG_CXX_LANGUAGE_STANDARD = "gnu++0x";
				CLANG_CXX_LIBRARY = "libc++";
				CLANG_ENABLE_MODULES = YES;
				CLANG_ENABLE_OBJC_ARC = YES;
				CLANG_WARN_BOOL_CONVERSION = YES;
				CLANG_WARN_CONSTANT_CONVERSION = YES;
				CLANG_WARN_DIRECT_OBJC_ISA_USAGE = YES_ERROR;
				CLANG_WARN_EMPTY_BODY = YES;
				CLANG_WARN_ENUM_CONVERSION = YES;
				CLANG_WARN_INT_CONVERSION = YES;
				CLANG_WARN_OBJC_ROOT_CLASS = YES_ERROR;
				CLANG_WARN_UNREACHABLE_CODE = YES;
				CLANG_WARN__DUPLICATE_METHOD_MATCH = YES;
				"CODE_SIGN_IDENTITY[sdk=iphoneos*]" = "iPhone Developer";
				COPY_PHASE_STRIP = NO;
				DEBUG_INFORMATION_FORMAT = "dwarf-with-dsym";
				ENABLE_NS_ASSERTIONS = NO;
				ENABLE_STRICT_OBJC_MSGSEND = YES;
				GCC_C_LANGUAGE_STANDARD = gnu99;
				GCC_NO_COMMON_BLOCKS = YES;
				GCC_WARN_64_TO_32_BIT_CONVERSION = YES;
				GCC_WARN_ABOUT_RETURN_TYPE = YES_ERROR;
				GCC_WARN_UNDECLARED_SELECTOR = YES;
				GCC_WARN_UNINITIALIZED_AUTOS = YES_AGGRESSIVE;
				GCC_WARN_UNUSED_FUNCTION = YES;
				GCC_WARN_UNUSED_VARIABLE = YES;
				IPHONEOS_DEPLOYMENT_TARGET = 9.3;
				MTL_ENABLE_DEBUG_INFO = NO;
				SDKROOT = iphoneos;
				VALIDATE_PRODUCT = YES;
			};
			name = Release;
		};
		1B4E02E41DB97484006357AC /* Debug */ = {
			isa = XCBuildConfiguration;
			buildSettings = {
				ASSETCATALOG_COMPILER_APPICON_NAME = AppIcon;
				INFOPLIST_FILE = NASAAPI/Info.plist;
				LD_RUNPATH_SEARCH_PATHS = "$(inherited) @executable_path/Frameworks";
				PRODUCT_BUNDLE_IDENTIFIER = com.first.NASAAPI;
				PRODUCT_NAME = "$(TARGET_NAME)";
			};
			name = Debug;
		};
		1B4E02E51DB97484006357AC /* Release */ = {
			isa = XCBuildConfiguration;
			buildSettings = {
				ASSETCATALOG_COMPILER_APPICON_NAME = AppIcon;
				INFOPLIST_FILE = NASAAPI/Info.plist;
				LD_RUNPATH_SEARCH_PATHS = "$(inherited) @executable_path/Frameworks";
				PRODUCT_BUNDLE_IDENTIFIER = com.first.NASAAPI;
				PRODUCT_NAME = "$(TARGET_NAME)";
			};
			name = Release;
		};
		1B4E02E71DB97484006357AC /* Debug */ = {
			isa = XCBuildConfiguration;
			buildSettings = {
				BUNDLE_LOADER = "$(TEST_HOST)";
				INFOPLIST_FILE = NASAAPITests/Info.plist;
				LD_RUNPATH_SEARCH_PATHS = "$(inherited) @executable_path/Frameworks @loader_path/Frameworks";
				PRODUCT_BUNDLE_IDENTIFIER = com.first.NASAAPITests;
				PRODUCT_NAME = "$(TARGET_NAME)";
				TEST_HOST = "$(BUILT_PRODUCTS_DIR)/NASAAPI.app/NASAAPI";
			};
			name = Debug;
		};
		1B4E02E81DB97484006357AC /* Release */ = {
			isa = XCBuildConfiguration;
			buildSettings = {
				BUNDLE_LOADER = "$(TEST_HOST)";
				INFOPLIST_FILE = NASAAPITests/Info.plist;
				LD_RUNPATH_SEARCH_PATHS = "$(inherited) @executable_path/Frameworks @loader_path/Frameworks";
				PRODUCT_BUNDLE_IDENTIFIER = com.first.NASAAPITests;
				PRODUCT_NAME = "$(TARGET_NAME)";
				TEST_HOST = "$(BUILT_PRODUCTS_DIR)/NASAAPI.app/NASAAPI";
			};
			name = Release;
		};
		1B4E02EA1DB97484006357AC /* Debug */ = {
			isa = XCBuildConfiguration;
			buildSettings = {
				INFOPLIST_FILE = NASAAPIUITests/Info.plist;
				LD_RUNPATH_SEARCH_PATHS = "$(inherited) @executable_path/Frameworks @loader_path/Frameworks";
				PRODUCT_BUNDLE_IDENTIFIER = com.first.NASAAPIUITests;
				PRODUCT_NAME = "$(TARGET_NAME)";
				TEST_TARGET_NAME = NASAAPI;
			};
			name = Debug;
		};
		1B4E02EB1DB97484006357AC /* Release */ = {
			isa = XCBuildConfiguration;
			buildSettings = {
				INFOPLIST_FILE = NASAAPIUITests/Info.plist;
				LD_RUNPATH_SEARCH_PATHS = "$(inherited) @executable_path/Frameworks @loader_path/Frameworks";
				PRODUCT_BUNDLE_IDENTIFIER = com.first.NASAAPIUITests;
				PRODUCT_NAME = "$(TARGET_NAME)";
				TEST_TARGET_NAME = NASAAPI;
			};
			name = Release;
		};
/* End XCBuildConfiguration section */

/* Begin XCConfigurationList section */
		1B4E02B31DB97484006357AC /* Build configuration list for PBXProject "NASAAPI" */ = {
			isa = XCConfigurationList;
			buildConfigurations = (
				1B4E02E11DB97484006357AC /* Debug */,
				1B4E02E21DB97484006357AC /* Release */,
			);
			defaultConfigurationIsVisible = 0;
			defaultConfigurationName = Release;
		};
		1B4E02E31DB97484006357AC /* Build configuration list for PBXNativeTarget "NASAAPI" */ = {
			isa = XCConfigurationList;
			buildConfigurations = (
				1B4E02E41DB97484006357AC /* Debug */,
				1B4E02E51DB97484006357AC /* Release */,
			);
			defaultConfigurationIsVisible = 0;
			defaultConfigurationName = Release;
		};
		1B4E02E61DB97484006357AC /* Build configuration list for PBXNativeTarget "NASAAPITests" */ = {
			isa = XCConfigurationList;
			buildConfigurations = (
				1B4E02E71DB97484006357AC /* Debug */,
				1B4E02E81DB97484006357AC /* Release */,
			);
			defaultConfigurationIsVisible = 0;
			defaultConfigurationName = Release;
		};
		1B4E02E91DB97484006357AC /* Build configuration list for PBXNativeTarget "NASAAPIUITests" */ = {
			isa = XCConfigurationList;
			buildConfigurations = (
				1B4E02EA1DB97484006357AC /* Debug */,
				1B4E02EB1DB97484006357AC /* Release */,
			);
			defaultConfigurationIsVisible = 0;
			defaultConfigurationName = Release;
		};
/* End XCConfigurationList section */

/* Begin XCVersionGroup section */
		1B4E02C21DB97484006357AC /* NASAAPI.xcdatamodeld */ = {
			isa = XCVersionGroup;
			children = (
				1B4E02C31DB97484006357AC /* NASAAPI.xcdatamodel */,
			);
			currentVersion = 1B4E02C31DB97484006357AC /* NASAAPI.xcdatamodel */;
			path = NASAAPI.xcdatamodeld;
			sourceTree = "<group>";
			versionGroupType = wrapper.xcdatamodel;
		};
/* End XCVersionGroup section */
	};
	rootObject = 1B4E02B01DB97484006357AC /* Project object */;
}
